
Microsoft Visual Studio Solution File, Format Version 12.00
# Visual Studio Version 16
VisualStudioVersion = 16.0.32002.261
MinimumVisualStudioVersion = 10.0.40219.1
Project("{8BC9CEB8-8B4A-11D0-8D11-00A0C91BC942}") = "wpp_hello", "SAMPLES\hello\wpp_hello.vcxproj", "{972A5390-5569-44BD-930A-4F90A6DF0C33}"
	ProjectSection(ProjectDependencies) = postProject
		{8B6F7847-6ADC-4D7F-91B0-F92996B8F36E} = {8B6F7847-6ADC-4D7F-91B0-F92996B8F36E}
	EndProjectSection
EndProject
Project("{8BC9CEB8-8B4A-11D0-8D11-00A0C91BC942}") = "wpp_draw", "SAMPLES\draw\wpp_draw.vcxproj", "{BBB5EDB4-D3D8-4639-A4AC-C21F00F29666}"
	ProjectSection(ProjectDependencies) = postProject
		{8B6F7847-6ADC-4D7F-91B0-F92996B8F36E} = {8B6F7847-6ADC-4D7F-91B0-F92996B8F36E}
	EndProjectSection
EndProject
Project("{8BC9CEB8-8B4A-11D0-8D11-00A0C91BC942}") = "wpp_launch", "SAMPLES\launch\wpp_launch.vcxproj", "{BB8B1B23-503A-48B0-A0E6-8D8C79C3CCA7}"
	ProjectSection(ProjectDependencies) = postProject
		{8B6F7847-6ADC-4D7F-91B0-F92996B8F36E} = {8B6F7847-6ADC-4D7F-91B0-F92996B8F36E}
	EndProjectSection
EndProject
Project("{8BC9CEB8-8B4A-11D0-8D11-00A0C91BC942}") = "winplusplus", "winplusplus\winplusplus.vcxproj", "{8B6F7847-6ADC-4D7F-91B0-F92996B8F36E}"
EndProject
Project("{8BC9CEB8-8B4A-11D0-8D11-00A0C91BC942}") = "wpp_mandel", "SAMPLES\mandel\wpp_mandel.vcxproj", "{C21A65F3-BEFA-4D8A-9BB0-4288C36B9D23}"
EndProject
Project("{8BC9CEB8-8B4A-11D0-8D11-00A0C91BC942}") = "wpp_medit", "SAMPLES\medit\wpp_medit.vcxproj", "{CCF98A46-2621-4495-AD81-DABA1C8B863C}"
EndProject
Project("{8BC9CEB8-8B4A-11D0-8D11-00A0C91BC942}") = "wpp_memtest", "SAMPLES\memtest\wpp_memtest.vcxproj", "{4A2960F6-0839-4774-A779-0A8E3FE18598}"
EndProject
Project("{8BC9CEB8-8B4A-11D0-8D11-00A0C91BC942}") = "wpp_mkc", "SAMPLES\mkc\wpp_mkc.vcxproj", "{0D5328B8-2C05-45B6-B9D1-49D814EF868C}"
EndProject
Project("{8BC9CEB8-8B4A-11D0-8D11-00A0C91BC942}") = "wpp_people", "SAMPLES\people\wpp_people.vcxproj", "{F20DEF89-BA06-49A3-9248-F67CD7B27022}"
EndProject
Project("{8BC9CEB8-8B4A-11D0-8D11-00A0C91BC942}") = "wpp_randrect", "SAMPLES\randrect\wpp_randrect.vcxproj", "{DBB4A613-9150-4B0B-96B6-A6DBDAD5B808}"
EndProject
Project("{8BC9CEB8-8B4A-11D0-8D11-00A0C91BC942}") = "wpp_toe", "SAMPLES\toe\wpp_toe.vcxproj", "{24426429-99CC-4F06-A972-431323AB9D50}"
EndProject
Project("{8BC9CEB8-8B4A-11D0-8D11-00A0C91BC942}") = "wpp_winedit", "SAMPLES\winedit\wpp_winedit.vcxproj", "{39C5B8C2-C9FD-4BF9-B5E6-3FE0552375E0}"
EndProject
Global
	GlobalSection(SolutionConfigurationPlatforms) = preSolution
		Debug|x64 = Debug|x64
		Debug|x86 = Debug|x86
		Release|x64 = Release|x64
		Release|x86 = Release|x86
	EndGlobalSection
	GlobalSection(ProjectConfigurationPlatforms) = postSolution
		{972A5390-5569-44BD-930A-4F90A6DF0C33}.Debug|x64.ActiveCfg = Debug|x64
		{972A5390-5569-44BD-930A-4F90A6DF0C33}.Debug|x64.Build.0 = Debug|x64
		{972A5390-5569-44BD-930A-4F90A6DF0C33}.Debug|x86.ActiveCfg = Debug|Win32
		{972A5390-5569-44BD-930A-4F90A6DF0C33}.Debug|x86.Build.0 = Debug|Win32
		{972A5390-5569-44BD-930A-4F90A6DF0C33}.Release|x64.ActiveCfg = Release|x64
		{972A5390-5569-44BD-930A-4F90A6DF0C33}.Release|x64.Build.0 = Release|x64
		{972A5390-5569-44BD-930A-4F90A6DF0C33}.Release|x86.ActiveCfg = Release|Win32
		{972A5390-5569-44BD-930A-4F90A6DF0C33}.Release|x86.Build.0 = Release|Win32
		{BBB5EDB4-D3D8-4639-A4AC-C21F00F29666}.Debug|x64.ActiveCfg = Debug|x64
		{BBB5EDB4-D3D8-4639-A4AC-C21F00F29666}.Debug|x64.Build.0 = Debug|x64
		{BBB5EDB4-D3D8-4639-A4AC-C21F00F29666}.Debug|x86.ActiveCfg = Debug|Win32
		{BBB5EDB4-D3D8-4639-A4AC-C21F00F29666}.Debug|x86.Build.0 = Debug|Win32
		{BBB5EDB4-D3D8-4639-A4AC-C21F00F29666}.Release|x64.ActiveCfg = Release|x64
		{BBB5EDB4-D3D8-4639-A4AC-C21F00F29666}.Release|x64.Build.0 = Release|x64
		{BBB5EDB4-D3D8-4639-A4AC-C21F00F29666}.Release|x86.ActiveCfg = Release|Win32
		{BBB5EDB4-D3D8-4639-A4AC-C21F00F29666}.Release|x86.Build.0 = Release|Win32
		{BB8B1B23-503A-48B0-A0E6-8D8C79C3CCA7}.Debug|x64.ActiveCfg = Debug|x64
		{BB8B1B23-503A-48B0-A0E6-8D8C79C3CCA7}.Debug|x64.Build.0 = Debug|x64
		{BB8B1B23-503A-48B0-A0E6-8D8C79C3CCA7}.Debug|x86.ActiveCfg = Debug|Win32
		{BB8B1B23-503A-48B0-A0E6-8D8C79C3CCA7}.Debug|x86.Build.0 = Debug|Win32
		{BB8B1B23-503A-48B0-A0E6-8D8C79C3CCA7}.Release|x64.ActiveCfg = Release|x64
		{BB8B1B23-503A-48B0-A0E6-8D8C79C3CCA7}.Release|x64.Build.0 = Release|x64
		{BB8B1B23-503A-48B0-A0E6-8D8C79C3CCA7}.Release|x86.ActiveCfg = Release|Win32
		{BB8B1B23-503A-48B0-A0E6-8D8C79C3CCA7}.Release|x86.Build.0 = Release|Win32
		{8B6F7847-6ADC-4D7F-91B0-F92996B8F36E}.Debug|x64.ActiveCfg = Debug|x64
		{8B6F7847-6ADC-4D7F-91B0-F92996B8F36E}.Debug|x64.Build.0 = Debug|x64
		{8B6F7847-6ADC-4D7F-91B0-F92996B8F36E}.Debug|x86.ActiveCfg = Debug|Win32
		{8B6F7847-6ADC-4D7F-91B0-F92996B8F36E}.Debug|x86.Build.0 = Debug|Win32
		{8B6F7847-6ADC-4D7F-91B0-F92996B8F36E}.Release|x64.ActiveCfg = Release|x64
		{8B6F7847-6ADC-4D7F-91B0-F92996B8F36E}.Release|x64.Build.0 = Release|x64
		{8B6F7847-6ADC-4D7F-91B0-F92996B8F36E}.Release|x86.ActiveCfg = Release|Win32
		{8B6F7847-6ADC-4D7F-91B0-F92996B8F36E}.Release|x86.Build.0 = Release|Win32
		{C21A65F3-BEFA-4D8A-9BB0-4288C36B9D23}.Debug|x64.ActiveCfg = Debug|x64
		{C21A65F3-BEFA-4D8A-9BB0-4288C36B9D23}.Debug|x64.Build.0 = Debug|x64
		{C21A65F3-BEFA-4D8A-9BB0-4288C36B9D23}.Debug|x86.ActiveCfg = Debug|Win32
		{C21A65F3-BEFA-4D8A-9BB0-4288C36B9D23}.Debug|x86.Build.0 = Debug|Win32
		{C21A65F3-BEFA-4D8A-9BB0-4288C36B9D23}.Release|x64.ActiveCfg = Release|x64
		{C21A65F3-BEFA-4D8A-9BB0-4288C36B9D23}.Release|x64.Build.0 = Release|x64
		{C21A65F3-BEFA-4D8A-9BB0-4288C36B9D23}.Release|x86.ActiveCfg = Release|Win32
		{C21A65F3-BEFA-4D8A-9BB0-4288C36B9D23}.Release|x86.Build.0 = Release|Win32
		{CCF98A46-2621-4495-AD81-DABA1C8B863C}.Debug|x64.ActiveCfg = Debug|x64
		{CCF98A46-2621-4495-AD81-DABA1C8B863C}.Debug|x64.Build.0 = Debug|x64
		{CCF98A46-2621-4495-AD81-DABA1C8B863C}.Debug|x86.ActiveCfg = Debug|Win32
		{CCF98A46-2621-4495-AD81-DABA1C8B863C}.Debug|x86.Build.0 = Debug|Win32
		{CCF98A46-2621-4495-AD81-DABA1C8B863C}.Release|x64.ActiveCfg = Release|x64
		{CCF98A46-2621-4495-AD81-DABA1C8B863C}.Release|x64.Build.0 = Release|x64
		{CCF98A46-2621-4495-AD81-DABA1C8B863C}.Release|x86.ActiveCfg = Release|Win32
		{CCF98A46-2621-4495-AD81-DABA1C8B863C}.Release|x86.Build.0 = Release|Win32
		{4A2960F6-0839-4774-A779-0A8E3FE18598}.Debug|x64.ActiveCfg = Debug|x64
		{4A2960F6-0839-4774-A779-0A8E3FE18598}.Debug|x64.Build.0 = Debug|x64
		{4A2960F6-0839-4774-A779-0A8E3FE18598}.Debug|x86.ActiveCfg = Debug|Win32
		{4A2960F6-0839-4774-A779-0A8E3FE18598}.Debug|x86.Build.0 = Debug|Win32
		{4A2960F6-0839-4774-A779-0A8E3FE18598}.Release|x64.ActiveCfg = Release|x64
		{4A2960F6-0839-4774-A779-0A8E3FE18598}.Release|x64.Build.0 = Release|x64
		{4A2960F6-0839-4774-A779-0A8E3FE18598}.Release|x86.ActiveCfg = Release|Win32
		{4A2960F6-0839-4774-A779-0A8E3FE18598}.Release|x86.Build.0 = Release|Win32
		{0D5328B8-2C05-45B6-B9D1-49D814EF868C}.Debug|x64.ActiveCfg = Debug|x64
		{0D5328B8-2C05-45B6-B9D1-49D814EF868C}.Debug|x64.Build.0 = Debug|x64
		{0D5328B8-2C05-45B6-B9D1-49D814EF868C}.Debug|x86.ActiveCfg = Debug|Win32
		{0D5328B8-2C05-45B6-B9D1-49D814EF868C}.Debug|x86.Build.0 = Debug|Win32
		{0D5328B8-2C05-45B6-B9D1-49D814EF868C}.Release|x64.ActiveCfg = Release|x64
		{0D5328B8-2C05-45B6-B9D1-49D814EF868C}.Release|x64.Build.0 = Release|x64
		{0D5328B8-2C05-45B6-B9D1-49D814EF868C}.Release|x86.ActiveCfg = Release|Win32
		{0D5328B8-2C05-45B6-B9D1-49D814EF868C}.Release|x86.Build.0 = Release|Win32
		{F20DEF89-BA06-49A3-9248-F67CD7B27022}.Debug|x64.ActiveCfg = Debug|x64
		{F20DEF89-BA06-49A3-9248-F67CD7B27022}.Debug|x64.Build.0 = Debug|x64
		{F20DEF89-BA06-49A3-9248-F67CD7B27022}.Debug|x86.ActiveCfg = Debug|Win32
		{F20DEF89-BA06-49A3-9248-F67CD7B27022}.Debug|x86.Build.0 = Debug|Win32
		{F20DEF89-BA06-49A3-9248-F67CD7B27022}.Release|x64.ActiveCfg = Release|x64
		{F20DEF89-BA06-49A3-9248-F67CD7B27022}.Release|x64.Build.0 = Release|x64
		{F20DEF89-BA06-49A3-9248-F67CD7B27022}.Release|x86.ActiveCfg = Release|Win32
		{F20DEF89-BA06-49A3-9248-F67CD7B27022}.Release|x86.Build.0 = Release|Win32
		{DBB4A613-9150-4B0B-96B6-A6DBDAD5B808}.Debug|x64.ActiveCfg = Debug|x64
		{DBB4A613-9150-4B0B-96B6-A6DBDAD5B808}.Debug|x64.Build.0 = Debug|x64
		{DBB4A613-9150-4B0B-96B6-A6DBDAD5B808}.Debug|x86.ActiveCfg = Debug|Win32
		{DBB4A613-9150-4B0B-96B6-A6DBDAD5B808}.Debug|x86.Build.0 = Debug|Win32
		{DBB4A613-9150-4B0B-96B6-A6DBDAD5B808}.Release|x64.ActiveCfg = Release|x64
		{DBB4A613-9150-4B0B-96B6-A6DBDAD5B808}.Release|x64.Build.0 = Release|x64
		{DBB4A613-9150-4B0B-96B6-A6DBDAD5B808}.Release|x86.ActiveCfg = Release|Win32
		{DBB4A613-9150-4B0B-96B6-A6DBDAD5B808}.Release|x86.Build.0 = Release|Win32
		{24426429-99CC-4F06-A972-431323AB9D50}.Debug|x64.ActiveCfg = Debug|x64
		{24426429-99CC-4F06-A972-431323AB9D50}.Debug|x64.Build.0 = Debug|x64
		{24426429-99CC-4F06-A972-431323AB9D50}.Debug|x86.ActiveCfg = Debug|Win32
		{24426429-99CC-4F06-A972-431323AB9D50}.Debug|x86.Build.0 = Debug|Win32
		{24426429-99CC-4F06-A972-431323AB9D50}.Release|x64.ActiveCfg = Release|x64
		{24426429-99CC-4F06-A972-431323AB9D50}.Release|x64.Build.0 = Release|x64
		{24426429-99CC-4F06-A972-431323AB9D50}.Release|x86.ActiveCfg = Release|Win32
		{24426429-99CC-4F06-A972-431323AB9D50}.Release|x86.Build.0 = Release|Win32
		{39C5B8C2-C9FD-4BF9-B5E6-3FE0552375E0}.Debug|x64.ActiveCfg = Debug|x64
		{39C5B8C2-C9FD-4BF9-B5E6-3FE0552375E0}.Debug|x64.Build.0 = Debug|x64
		{39C5B8C2-C9FD-4BF9-B5E6-3FE0552375E0}.Debug|x86.ActiveCfg = Debug|Win32
		{39C5B8C2-C9FD-4BF9-B5E6-3FE0552375E0}.Debug|x86.Build.0 = Debug|Win32
		{39C5B8C2-C9FD-4BF9-B5E6-3FE0552375E0}.Release|x64.ActiveCfg = Release|x64
		{39C5B8C2-C9FD-4BF9-B5E6-3FE0552375E0}.Release|x64.Build.0 = Release|x64
		{39C5B8C2-C9FD-4BF9-B5E6-3FE0552375E0}.Release|x86.ActiveCfg = Release|Win32
		{39C5B8C2-C9FD-4BF9-B5E6-3FE0552375E0}.Release|x86.Build.0 = Release|Win32
	EndGlobalSection
	GlobalSection(SolutionProperties) = preSolution
		HideSolutionNode = FALSE
	EndGlobalSection
	GlobalSection(ExtensibilityGlobals) = postSolution
		SolutionGuid = {FAC9BACD-F187-42F4-A419-189C9A58B49D}
	EndGlobalSection
EndGlobal
